
Microsoft Visual Studio Solution File, Format Version 12.00
# Visual Studio Version 16
VisualStudioVersion = 16.0.30104.148
MinimumVisualStudioVersion = 10.0.40219.1
Project("{9A19103F-16F7-4668-BE54-9A1E7A4F7556}") = "Vehicle.Model", "Vehicle.Model\Vehicle.Model.csproj", "{E91F444C-35D0-4C78-AC99-24160A8C4C32}"
EndProject
Project("{9A19103F-16F7-4668-BE54-9A1E7A4F7556}") = "Vehicle.Model.Common", "Vehicle.Model.Common\Vehicle.Model.Common.csproj", "{3C9EF839-F9AB-46ED-87F2-64E2BCAFF0EE}"
EndProject
Project("{9A19103F-16F7-4668-BE54-9A1E7A4F7556}") = "Vehicle.DAL", "Vehicle.DAL\Vehicle.DAL.csproj", "{91DAD600-881A-4F91-BB0F-DCED681BAEC9}"
EndProject
Project("{9A19103F-16F7-4668-BE54-9A1E7A4F7556}") = "Vehicle.WebAPI", "Vehicle.WebAPI\Vehicle.WebAPI.csproj", "{6FDA8AC6-FDE0-4034-8B31-D717134E7EA7}"
EndProject
Project("{9A19103F-16F7-4668-BE54-9A1E7A4F7556}") = "Vehicle.Common", "Vehicle.Common\Vehicle.Common.csproj", "{DF734D69-C277-4505-B4A4-14EBF490DADC}"
EndProject
Project("{9A19103F-16F7-4668-BE54-9A1E7A4F7556}") = "Vehicle.Repository", "Vehicle.Repository\Vehicle.Repository.csproj", "{5F7EE4CB-612D-495B-BE66-8B91E2E95A68}"
EndProject
Project("{9A19103F-16F7-4668-BE54-9A1E7A4F7556}") = "Vehicle.Repository.Common", "Vehicle.Repository.Common\Vehicle.Repository.Common.csproj", "{338A2C59-E7BE-4BEE-886E-7D5EEA71CBC0}"
EndProject
Project("{2150E333-8FDC-42A3-9474-1A3956D46DE8}") = "Solution Items", "Solution Items", "{2289508D-EDC8-4C4A-9EC6-B961EDF10B3C}"
	ProjectSection(SolutionItems) = preProject
		.editorconfig = .editorconfig
	EndProjectSection
EndProject
Global
	GlobalSection(SolutionConfigurationPlatforms) = preSolution
		Debug|Any CPU = Debug|Any CPU
		Release|Any CPU = Release|Any CPU
	EndGlobalSection
	GlobalSection(ProjectConfigurationPlatforms) = postSolution
		{E91F444C-35D0-4C78-AC99-24160A8C4C32}.Debug|Any CPU.ActiveCfg = Debug|Any CPU
		{E91F444C-35D0-4C78-AC99-24160A8C4C32}.Debug|Any CPU.Build.0 = Debug|Any CPU
		{E91F444C-35D0-4C78-AC99-24160A8C4C32}.Release|Any CPU.ActiveCfg = Release|Any CPU
		{E91F444C-35D0-4C78-AC99-24160A8C4C32}.Release|Any CPU.Build.0 = Release|Any CPU
		{3C9EF839-F9AB-46ED-87F2-64E2BCAFF0EE}.Debug|Any CPU.ActiveCfg = Debug|Any CPU
		{3C9EF839-F9AB-46ED-87F2-64E2BCAFF0EE}.Debug|Any CPU.Build.0 = Debug|Any CPU
		{3C9EF839-F9AB-46ED-87F2-64E2BCAFF0EE}.Release|Any CPU.ActiveCfg = Release|Any CPU
		{3C9EF839-F9AB-46ED-87F2-64E2BCAFF0EE}.Release|Any CPU.Build.0 = Release|Any CPU
		{91DAD600-881A-4F91-BB0F-DCED681BAEC9}.Debug|Any CPU.ActiveCfg = Debug|Any CPU
		{91DAD600-881A-4F91-BB0F-DCED681BAEC9}.Debug|Any CPU.Build.0 = Debug|Any CPU
		{91DAD600-881A-4F91-BB0F-DCED681BAEC9}.Release|Any CPU.ActiveCfg = Release|Any CPU
		{91DAD600-881A-4F91-BB0F-DCED681BAEC9}.Release|Any CPU.Build.0 = Release|Any CPU
		{6FDA8AC6-FDE0-4034-8B31-D717134E7EA7}.Debug|Any CPU.ActiveCfg = Debug|Any CPU
		{6FDA8AC6-FDE0-4034-8B31-D717134E7EA7}.Debug|Any CPU.Build.0 = Debug|Any CPU
		{6FDA8AC6-FDE0-4034-8B31-D717134E7EA7}.Release|Any CPU.ActiveCfg = Release|Any CPU
		{6FDA8AC6-FDE0-4034-8B31-D717134E7EA7}.Release|Any CPU.Build.0 = Release|Any CPU
		{DF734D69-C277-4505-B4A4-14EBF490DADC}.Debug|Any CPU.ActiveCfg = Debug|Any CPU
		{DF734D69-C277-4505-B4A4-14EBF490DADC}.Debug|Any CPU.Build.0 = Debug|Any CPU
		{DF734D69-C277-4505-B4A4-14EBF490DADC}.Release|Any CPU.ActiveCfg = Release|Any CPU
		{DF734D69-C277-4505-B4A4-14EBF490DADC}.Release|Any CPU.Build.0 = Release|Any CPU
		{5F7EE4CB-612D-495B-BE66-8B91E2E95A68}.Debug|Any CPU.ActiveCfg = Debug|Any CPU
		{5F7EE4CB-612D-495B-BE66-8B91E2E95A68}.Debug|Any CPU.Build.0 = Debug|Any CPU
		{5F7EE4CB-612D-495B-BE66-8B91E2E95A68}.Release|Any CPU.ActiveCfg = Release|Any CPU
		{5F7EE4CB-612D-495B-BE66-8B91E2E95A68}.Release|Any CPU.Build.0 = Release|Any CPU
		{338A2C59-E7BE-4BEE-886E-7D5EEA71CBC0}.Debug|Any CPU.ActiveCfg = Debug|Any CPU
		{338A2C59-E7BE-4BEE-886E-7D5EEA71CBC0}.Debug|Any CPU.Build.0 = Debug|Any CPU
		{338A2C59-E7BE-4BEE-886E-7D5EEA71CBC0}.Release|Any CPU.ActiveCfg = Release|Any CPU
		{338A2C59-E7BE-4BEE-886E-7D5EEA71CBC0}.Release|Any CPU.Build.0 = Release|Any CPU
	EndGlobalSection
	GlobalSection(SolutionProperties) = preSolution
		HideSolutionNode = FALSE
	EndGlobalSection
	GlobalSection(ExtensibilityGlobals) = postSolution
		SolutionGuid = {689EEA3B-0E20-4A49-B5FD-0FB655D075FF}
	EndGlobalSection
EndGlobal
