
Microsoft Visual Studio Solution File, Format Version 12.00
# Visual Studio Version 16
VisualStudioVersion = 16.0.30413.136
MinimumVisualStudioVersion = 10.0.40219.1
Project("{9092AA53-FB77-4645-B42D-1CCCA6BD08BD}") = "Vehicle.Website", "Vehicle.Website.njsproj", "{36C4CAE4-9D32-4EA0-9BF8-E0F0A75A1C29}"
EndProject
Global
	GlobalSection(SolutionConfigurationPlatforms) = preSolution
		Debug|Any CPU = Debug|Any CPU
		Release|Any CPU = Release|Any CPU
	EndGlobalSection
	GlobalSection(ProjectConfigurationPlatforms) = postSolution
		{36C4CAE4-9D32-4EA0-9BF8-E0F0A75A1C29}.Debug|Any CPU.ActiveCfg = Debug|Any CPU
		{36C4CAE4-9D32-4EA0-9BF8-E0F0A75A1C29}.Debug|Any CPU.Build.0 = Debug|Any CPU
		{36C4CAE4-9D32-4EA0-9BF8-E0F0A75A1C29}.Release|Any CPU.ActiveCfg = Release|Any CPU
		{36C4CAE4-9D32-4EA0-9BF8-E0F0A75A1C29}.Release|Any CPU.Build.0 = Release|Any CPU
	EndGlobalSection
	GlobalSection(SolutionProperties) = preSolution
		HideSolutionNode = FALSE
	EndGlobalSection
	GlobalSection(ExtensibilityGlobals) = postSolution
		SolutionGuid = {B54F6D4E-43EC-48CD-AC9E-C3E6E5DC7648}
	EndGlobalSection
EndGlobal
